
Microsoft Visual Studio Solution File, Format Version 12.00
# Visual Studio Version 16
VisualStudioVersion = 16.0.30907.101
MinimumVisualStudioVersion = 10.0.40219.1
Project("{FAE04EC0-301F-11D3-BF4B-00C04F79EFBC}") = "WebApplication", "WebApplication\WebApplication.csproj", "{769BFD60-FEFA-497D-A0A5-0A4AFE7DCF72}"
EndProject
Global
	GlobalSection(SolutionConfigurationPlatforms) = preSolution
		Debug|Any CPU = Debug|Any CPU
		Release|Any CPU = Release|Any CPU
	EndGlobalSection
	GlobalSection(ProjectConfigurationPlatforms) = postSolution
		{769BFD60-FEFA-497D-A0A5-0A4AFE7DCF72}.Debug|Any CPU.ActiveCfg = Debug|Any CPU
		{769BFD60-FEFA-497D-A0A5-0A4AFE7DCF72}.Debug|Any CPU.Build.0 = Debug|Any CPU
		{769BFD60-FEFA-497D-A0A5-0A4AFE7DCF72}.Release|Any CPU.ActiveCfg = Release|Any CPU
		{769BFD60-FEFA-497D-A0A5-0A4AFE7DCF72}.Release|Any CPU.Build.0 = Release|Any CPU
	EndGlobalSection
	GlobalSection(SolutionProperties) = preSolution
		HideSolutionNode = FALSE
	EndGlobalSection
	GlobalSection(ExtensibilityGlobals) = postSolution
		SolutionGuid = {4451C442-0E29-4627-AE83-F1068A1BCFE2}
	EndGlobalSection
EndGlobal
